
Microsoft Visual Studio Solution File, Format Version 11.00
# Visual C# Express 2010
Project("{FAE04EC0-301F-11D3-BF4B-00C04F79EFBC}") = "IPL Helper", "IPL Helper.csproj", "{28649B79-92B0-49D5-A1F6-06D0C5DFE3B0}"
EndProject
Global
	GlobalSection(SolutionConfigurationPlatforms) = preSolution
		Debug|x86 = Debug|x86
		Release|x86 = Release|x86
	EndGlobalSection
	GlobalSection(ProjectConfigurationPlatforms) = postSolution
		{28649B79-92B0-49D5-A1F6-06D0C5DFE3B0}.Debug|x86.ActiveCfg = Debug|x86
		{28649B79-92B0-49D5-A1F6-06D0C5DFE3B0}.Debug|x86.Build.0 = Debug|x86
		{28649B79-92B0-49D5-A1F6-06D0C5DFE3B0}.Release|x86.ActiveCfg = Release|x86
		{28649B79-92B0-49D5-A1F6-06D0C5DFE3B0}.Release|x86.Build.0 = Release|x86
	EndGlobalSection
	GlobalSection(SolutionProperties) = preSolution
		HideSolutionNode = FALSE
	EndGlobalSection
EndGlobal
